// !$*UTF8*$!
{
	archiveVersion = 1;
	classes = {
	};
	objectVersion = 56;
	objects = {

/* Begin PBXBuildFile section */
		300000000000000000000001 /* WiTwinRecorderApp.swift in Sources */ = {isa = PBXBuildFile; fileRef = 200000000000000000000001 /* WiTwinRecorderApp.swift */; };
		300000000000000000000002 /* CapabilityReport.swift in Sources */ = {isa = PBXBuildFile; fileRef = 200000000000000000000002 /* CapabilityReport.swift */; };
		300000000000000000000003 /* CapabilityProbeService.swift in Sources */ = {isa = PBXBuildFile; fileRef = 200000000000000000000003 /* CapabilityProbeService.swift */; };
		300000000000000000000004 /* ContentView.swift in Sources */ = {isa = PBXBuildFile; fileRef = 200000000000000000000004 /* ContentView.swift */; };
		300000000000000000000005 /* CapabilityReportTests.swift in Sources */ = {isa = PBXBuildFile; fileRef = 200000000000000000000006 /* CapabilityReportTests.swift */; };
		300000000000000000000006 /* SessionModels.swift in Sources */ = {isa = PBXBuildFile; fileRef = 200000000000000000000009 /* SessionModels.swift */; };
		300000000000000000000007 /* CSVWriter.swift in Sources */ = {isa = PBXBuildFile; fileRef = 20000000000000000000000A /* CSVWriter.swift */; };
		300000000000000000000008 /* MatrixFormatting.swift in Sources */ = {isa = PBXBuildFile; fileRef = 20000000000000000000000B /* MatrixFormatting.swift */; };
		300000000000000000000009 /* RoomScanRecorder.swift in Sources */ = {isa = PBXBuildFile; fileRef = 20000000000000000000000C /* RoomScanRecorder.swift */; };
		30000000000000000000000A /* MotionRecorder.swift in Sources */ = {isa = PBXBuildFile; fileRef = 20000000000000000000000D /* MotionRecorder.swift */; };
		30000000000000000000000B /* SessionIntegrityValidator.swift in Sources */ = {isa = PBXBuildFile; fileRef = 20000000000000000000000E /* SessionIntegrityValidator.swift */; };
		30000000000000000000000C /* SessionRecorder.swift in Sources */ = {isa = PBXBuildFile; fileRef = 20000000000000000000000F /* SessionRecorder.swift */; };
		30000000000000000000000D /* UDPProbe.swift in Sources */ = {isa = PBXBuildFile; fileRef = 200000000000000000000010 /* UDPProbe.swift */; };
		30000000000000000000000E /* UDPProbeSender.swift in Sources */ = {isa = PBXBuildFile; fileRef = 200000000000000000000011 /* UDPProbeSender.swift */; };
		30000000000000000000000F /* UDPProbeService.swift in Sources */ = {isa = PBXBuildFile; fileRef = 200000000000000000000012 /* UDPProbeService.swift */; };
/* End PBXBuildFile section */

/* Begin PBXContainerItemProxy section */
		800000000000000000000002 /* PBXContainerItemProxy */ = {
			isa = PBXContainerItemProxy;
			containerPortal = 100000000000000000000000 /* Project object */;
			proxyType = 1;
			remoteGlobalIDString = 500000000000000000000001;
			remoteInfo = WiTwinRecorder;
		};
/* End PBXContainerItemProxy section */

/* Begin PBXFileReference section */
		200000000000000000000001 /* WiTwinRecorderApp.swift */ = {isa = PBXFileReference; lastKnownFileType = sourcecode.swift; path = WiTwinRecorderApp.swift; sourceTree = "<group>"; };
		200000000000000000000002 /* CapabilityReport.swift */ = {isa = PBXFileReference; lastKnownFileType = sourcecode.swift; path = CapabilityReport.swift; sourceTree = "<group>"; };
		200000000000000000000003 /* CapabilityProbeService.swift */ = {isa = PBXFileReference; lastKnownFileType = sourcecode.swift; path = CapabilityProbeService.swift; sourceTree = "<group>"; };
		200000000000000000000004 /* ContentView.swift */ = {isa = PBXFileReference; lastKnownFileType = sourcecode.swift; path = ContentView.swift; sourceTree = "<group>"; };
		200000000000000000000005 /* Info.plist */ = {isa = PBXFileReference; lastKnownFileType = text.plist.xml; path = Info.plist; sourceTree = "<group>"; };
		200000000000000000000006 /* CapabilityReportTests.swift */ = {isa = PBXFileReference; lastKnownFileType = sourcecode.swift; path = CapabilityReportTests.swift; sourceTree = "<group>"; };
		200000000000000000000007 /* WiTwinRecorder.app */ = {isa = PBXFileReference; explicitFileType = wrapper.application; includeInIndex = 0; path = WiTwinRecorder.app; sourceTree = BUILT_PRODUCTS_DIR; };
		200000000000000000000008 /* WiTwinRecorderTests.xctest */ = {isa = PBXFileReference; explicitFileType = wrapper.cfbundle; includeInIndex = 0; path = WiTwinRecorderTests.xctest; sourceTree = BUILT_PRODUCTS_DIR; };
		200000000000000000000009 /* SessionModels.swift */ = {isa = PBXFileReference; lastKnownFileType = sourcecode.swift; path = SessionModels.swift; sourceTree = "<group>"; };
		20000000000000000000000A /* CSVWriter.swift */ = {isa = PBXFileReference; lastKnownFileType = sourcecode.swift; path = CSVWriter.swift; sourceTree = "<group>"; };
		20000000000000000000000B /* MatrixFormatting.swift */ = {isa = PBXFileReference; lastKnownFileType = sourcecode.swift; path = MatrixFormatting.swift; sourceTree = "<group>"; };
		20000000000000000000000C /* RoomScanRecorder.swift */ = {isa = PBXFileReference; lastKnownFileType = sourcecode.swift; path = RoomScanRecorder.swift; sourceTree = "<group>"; };
		20000000000000000000000D /* MotionRecorder.swift */ = {isa = PBXFileReference; lastKnownFileType = sourcecode.swift; path = MotionRecorder.swift; sourceTree = "<group>"; };
		20000000000000000000000E /* SessionIntegrityValidator.swift */ = {isa = PBXFileReference; lastKnownFileType = sourcecode.swift; path = SessionIntegrityValidator.swift; sourceTree = "<group>"; };
		20000000000000000000000F /* SessionRecorder.swift */ = {isa = PBXFileReference; lastKnownFileType = sourcecode.swift; path = SessionRecorder.swift; sourceTree = "<group>"; };
		200000000000000000000010 /* UDPProbe.swift */ = {isa = PBXFileReference; lastKnownFileType = sourcecode.swift; path = UDPProbe.swift; sourceTree = "<group>"; };
		200000000000000000000011 /* UDPProbeSender.swift */ = {isa = PBXFileReference; lastKnownFileType = sourcecode.swift; path = UDPProbeSender.swift; sourceTree = "<group>"; };
		200000000000000000000012 /* UDPProbeService.swift */ = {isa = PBXFileReference; lastKnownFileType = sourcecode.swift; path = UDPProbeService.swift; sourceTree = "<group>"; };
/* End PBXFileReference section */

/* Begin PBXFrameworksBuildPhase section */
		400000000000000000000003 /* Frameworks */ = {
			isa = PBXFrameworksBuildPhase;
			buildActionMask = 2147483647;
			files = (
			);
			runOnlyForDeploymentPostprocessing = 0;
		};
		400000000000000000000004 /* Frameworks */ = {
			isa = PBXFrameworksBuildPhase;
			buildActionMask = 2147483647;
			files = (
			);
			runOnlyForDeploymentPostprocessing = 0;
		};
/* End PBXFrameworksBuildPhase section */

/* Begin PBXGroup section */
		100000000000000000000001 = {
			isa = PBXGroup;
			children = (
				100000000000000000000003 /* WiTwinRecorder */,
				100000000000000000000008 /* WiTwinRecorderTests */,
				100000000000000000000002 /* Products */,
			);
			sourceTree = "<group>";
		};
		100000000000000000000002 /* Products */ = {
			isa = PBXGroup;
			children = (
				200000000000000000000007 /* WiTwinRecorder.app */,
				200000000000000000000008 /* WiTwinRecorderTests.xctest */,
			);
			name = Products;
			sourceTree = "<group>";
		};
		100000000000000000000003 /* WiTwinRecorder */ = {
			isa = PBXGroup;
			children = (
				200000000000000000000001 /* WiTwinRecorderApp.swift */,
				100000000000000000000004 /* Models */,
				100000000000000000000005 /* Services */,
				100000000000000000000006 /* Views */,
				100000000000000000000007 /* Resources */,
			);
			path = WiTwinRecorder;
			sourceTree = "<group>";
		};
		100000000000000000000004 /* Models */ = {
			isa = PBXGroup;
			children = (
				200000000000000000000002 /* CapabilityReport.swift */,
				200000000000000000000009 /* SessionModels.swift */,
				200000000000000000000010 /* UDPProbe.swift */,
			);
			path = Models;
			sourceTree = "<group>";
		};
		100000000000000000000005 /* Services */ = {
			isa = PBXGroup;
			children = (
				200000000000000000000003 /* CapabilityProbeService.swift */,
				20000000000000000000000A /* CSVWriter.swift */,
				20000000000000000000000B /* MatrixFormatting.swift */,
				20000000000000000000000C /* RoomScanRecorder.swift */,
				20000000000000000000000D /* MotionRecorder.swift */,
				20000000000000000000000E /* SessionIntegrityValidator.swift */,
				20000000000000000000000F /* SessionRecorder.swift */,
				200000000000000000000011 /* UDPProbeSender.swift */,
				200000000000000000000012 /* UDPProbeService.swift */,
			);
			path = Services;
			sourceTree = "<group>";
		};
		100000000000000000000006 /* Views */ = {
			isa = PBXGroup;
			children = (
				200000000000000000000004 /* ContentView.swift */,
			);
			path = Views;
			sourceTree = "<group>";
		};
		100000000000000000000007 /* Resources */ = {
			isa = PBXGroup;
			children = (
				200000000000000000000005 /* Info.plist */,
			);
			path = Resources;
			sourceTree = "<group>";
		};
		100000000000000000000008 /* WiTwinRecorderTests */ = {
			isa = PBXGroup;
			children = (
				200000000000000000000006 /* CapabilityReportTests.swift */,
			);
			path = WiTwinRecorderTests;
			sourceTree = "<group>";
		};
/* End PBXGroup section */

/* Begin PBXNativeTarget section */
		500000000000000000000001 /* WiTwinRecorder */ = {
			isa = PBXNativeTarget;
			buildConfigurationList = 700000000000000000000002 /* Build configuration list for PBXNativeTarget "WiTwinRecorder" */;
			buildPhases = (
				400000000000000000000001 /* Sources */,
				400000000000000000000003 /* Frameworks */,
				400000000000000000000005 /* Resources */,
			);
			buildRules = (
			);
			dependencies = (
			);
			name = WiTwinRecorder;
			productName = WiTwinRecorder;
			productReference = 200000000000000000000007 /* WiTwinRecorder.app */;
			productType = "com.apple.product-type.application";
		};
		500000000000000000000002 /* WiTwinRecorderTests */ = {
			isa = PBXNativeTarget;
			buildConfigurationList = 700000000000000000000003 /* Build configuration list for PBXNativeTarget "WiTwinRecorderTests" */;
			buildPhases = (
				400000000000000000000002 /* Sources */,
				400000000000000000000004 /* Frameworks */,
				400000000000000000000006 /* Resources */,
			);
			buildRules = (
			);
			dependencies = (
				800000000000000000000001 /* PBXTargetDependency */,
			);
			name = WiTwinRecorderTests;
			productName = WiTwinRecorderTests;
			productReference = 200000000000000000000008 /* WiTwinRecorderTests.xctest */;
			productType = "com.apple.product-type.bundle.unit-test";
		};
/* End PBXNativeTarget section */

/* Begin PBXProject section */
		100000000000000000000000 /* Project object */ = {
			isa = PBXProject;
			attributes = {
				BuildIndependentTargetsInParallel = 1;
				LastSwiftUpdateCheck = 2660;
				LastUpgradeCheck = 2660;
				TargetAttributes = {
					500000000000000000000001 = {
						CreatedOnToolsVersion = 26.6;
					};
					500000000000000000000002 = {
						CreatedOnToolsVersion = 26.6;
						TestTargetID = 500000000000000000000001;
					};
				};
			};
			buildConfigurationList = 700000000000000000000001 /* Build configuration list for PBXProject "WiTwinRecorder" */;
			compatibilityVersion = "Xcode 14.0";
			developmentRegion = en;
			hasScannedForEncodings = 0;
			knownRegions = (
				en,
				Base,
			);
			mainGroup = 100000000000000000000001;
			productRefGroup = 100000000000000000000002 /* Products */;
			projectDirPath = "";
			projectRoot = "";
			targets = (
				500000000000000000000001 /* WiTwinRecorder */,
				500000000000000000000002 /* WiTwinRecorderTests */,
			);
		};
/* End PBXProject section */

/* Begin PBXResourcesBuildPhase section */
		400000000000000000000005 /* Resources */ = {
			isa = PBXResourcesBuildPhase;
			buildActionMask = 2147483647;
			files = (
			);
			runOnlyForDeploymentPostprocessing = 0;
		};
		400000000000000000000006 /* Resources */ = {
			isa = PBXResourcesBuildPhase;
			buildActionMask = 2147483647;
			files = (
			);
			runOnlyForDeploymentPostprocessing = 0;
		};
/* End PBXResourcesBuildPhase section */

/* Begin PBXSourcesBuildPhase section */
		400000000000000000000001 /* Sources */ = {
			isa = PBXSourcesBuildPhase;
			buildActionMask = 2147483647;
			files = (
				300000000000000000000001 /* WiTwinRecorderApp.swift in Sources */,
				300000000000000000000002 /* CapabilityReport.swift in Sources */,
				300000000000000000000003 /* CapabilityProbeService.swift in Sources */,
				300000000000000000000004 /* ContentView.swift in Sources */,
				300000000000000000000006 /* SessionModels.swift in Sources */,
				300000000000000000000007 /* CSVWriter.swift in Sources */,
				300000000000000000000008 /* MatrixFormatting.swift in Sources */,
				300000000000000000000009 /* RoomScanRecorder.swift in Sources */,
				30000000000000000000000A /* MotionRecorder.swift in Sources */,
				30000000000000000000000B /* SessionIntegrityValidator.swift in Sources */,
				30000000000000000000000C /* SessionRecorder.swift in Sources */,
				30000000000000000000000D /* UDPProbe.swift in Sources */,
				30000000000000000000000E /* UDPProbeSender.swift in Sources */,
				30000000000000000000000F /* UDPProbeService.swift in Sources */,
			);
			runOnlyForDeploymentPostprocessing = 0;
		};
		400000000000000000000002 /* Sources */ = {
			isa = PBXSourcesBuildPhase;
			buildActionMask = 2147483647;
			files = (
				300000000000000000000005 /* CapabilityReportTests.swift in Sources */,
			);
			runOnlyForDeploymentPostprocessing = 0;
		};
/* End PBXSourcesBuildPhase section */

/* Begin PBXTargetDependency section */
		800000000000000000000001 /* PBXTargetDependency */ = {
			isa = PBXTargetDependency;
			target = 500000000000000000000001 /* WiTwinRecorder */;
			targetProxy = 800000000000000000000002 /* PBXContainerItemProxy */;
		};
/* End PBXTargetDependency section */

/* Begin XCBuildConfiguration section */
		600000000000000000000001 /* Debug */ = {
			isa = XCBuildConfiguration;
			buildSettings = {
				ALWAYS_SEARCH_USER_PATHS = NO;
				CLANG_ENABLE_MODULES = YES;
				CLANG_ENABLE_OBJC_ARC = YES;
				CLANG_WARN_BLOCK_CAPTURE_AUTORELEASING = YES;
				CLANG_WARN_BOOL_CONVERSION = YES;
				CLANG_WARN_COMMA = YES;
				CLANG_WARN_CONSTANT_CONVERSION = YES;
				CLANG_WARN_DEPRECATED_OBJC_IMPLEMENTATIONS = YES;
				CLANG_WARN_DIRECT_OBJC_ISA_USAGE = YES_ERROR;
				CLANG_WARN_DOCUMENTATION_COMMENTS = YES;
				CLANG_WARN_EMPTY_BODY = YES;
				CLANG_WARN_ENUM_CONVERSION = YES;
				CLANG_WARN_INFINITE_RECURSION = YES;
				CLANG_WARN_INT_CONVERSION = YES;
				CLANG_WARN_NON_LITERAL_NULL_CONVERSION = YES;
				CLANG_WARN_OBJC_IMPLICIT_RETAIN_SELF = YES;
				CLANG_WARN_OBJC_LITERAL_CONVERSION = YES;
				CLANG_WARN_OBJC_ROOT_CLASS = YES_ERROR;
				CLANG_WARN_QUOTED_INCLUDE_IN_FRAMEWORK_HEADER = YES;
				CLANG_WARN_RANGE_LOOP_ANALYSIS = YES;
				CLANG_WARN_STRICT_PROTOTYPES = YES;
				CLANG_WARN_SUSPICIOUS_MOVE = YES;
				CLANG_WARN_UNGUARDED_AVAILABILITY = YES_AGGRESSIVE;
				CLANG_WARN_UNREACHABLE_CODE = YES;
				CLANG_WARN__DUPLICATE_METHOD_MATCH = YES;
				COPY_PHASE_STRIP = NO;
				DEBUG_INFORMATION_FORMAT = dwarf;
				DEVELOPMENT_TEAM = MDDM5655PS;
				ENABLE_TESTABILITY = YES;
				ENABLE_USER_SCRIPT_SANDBOXING = YES;
				GCC_C_LANGUAGE_STANDARD = gnu17;
				GCC_NO_COMMON_BLOCKS = YES;
				GCC_OPTIMIZATION_LEVEL = 0;
				GCC_PREPROCESSOR_DEFINITIONS = (
					"DEBUG=1",
					"$(inherited)",
				);
				GCC_WARN_64_TO_32_BIT_CONVERSION = YES;
				GCC_WARN_ABOUT_RETURN_TYPE = YES_ERROR;
				GCC_WARN_UNDECLARED_SELECTOR = YES;
				GCC_WARN_UNINITIALIZED_AUTOS = YES_AGGRESSIVE;
				GCC_WARN_UNUSED_FUNCTION = YES;
				GCC_WARN_UNUSED_VARIABLE = YES;
				IPHONEOS_DEPLOYMENT_TARGET = 16.0;
				MTL_ENABLE_DEBUG_INFO = INCLUDE_SOURCE;
				MTL_FAST_MATH = YES;
				ONLY_ACTIVE_ARCH = YES;
				SDKROOT = iphoneos;
				SWIFT_ACTIVE_COMPILATION_CONDITIONS = "DEBUG $(inherited)";
				SWIFT_OPTIMIZATION_LEVEL = "-Onone";
				SWIFT_VERSION = 5.0;
			};
			name = Debug;
		};
		600000000000000000000002 /* Release */ = {
			isa = XCBuildConfiguration;
			buildSettings = {
				ALWAYS_SEARCH_USER_PATHS = NO;
				CLANG_ENABLE_MODULES = YES;
				CLANG_ENABLE_OBJC_ARC = YES;
				CLANG_WARN_BLOCK_CAPTURE_AUTORELEASING = YES;
				CLANG_WARN_BOOL_CONVERSION = YES;
				CLANG_WARN_COMMA = YES;
				CLANG_WARN_CONSTANT_CONVERSION = YES;
				CLANG_WARN_DEPRECATED_OBJC_IMPLEMENTATIONS = YES;
				CLANG_WARN_DIRECT_OBJC_ISA_USAGE = YES_ERROR;
				CLANG_WARN_DOCUMENTATION_COMMENTS = YES;
				CLANG_WARN_EMPTY_BODY = YES;
				CLANG_WARN_ENUM_CONVERSION = YES;
				CLANG_WARN_INFINITE_RECURSION = YES;
				CLANG_WARN_INT_CONVERSION = YES;
				CLANG_WARN_NON_LITERAL_NULL_CONVERSION = YES;
				CLANG_WARN_OBJC_IMPLICIT_RETAIN_SELF = YES;
				CLANG_WARN_OBJC_LITERAL_CONVERSION = YES;
				CLANG_WARN_OBJC_ROOT_CLASS = YES_ERROR;
				CLANG_WARN_QUOTED_INCLUDE_IN_FRAMEWORK_HEADER = YES;
				CLANG_WARN_RANGE_LOOP_ANALYSIS = YES;
				CLANG_WARN_STRICT_PROTOTYPES = YES;
				CLANG_WARN_SUSPICIOUS_MOVE = YES;
				CLANG_WARN_UNGUARDED_AVAILABILITY = YES_AGGRESSIVE;
				CLANG_WARN_UNREACHABLE_CODE = YES;
				CLANG_WARN__DUPLICATE_METHOD_MATCH = YES;
				COPY_PHASE_STRIP = NO;
				DEBUG_INFORMATION_FORMAT = "dwarf-with-dsym";
				DEVELOPMENT_TEAM = MDDM5655PS;
				ENABLE_NS_ASSERTIONS = NO;
				ENABLE_USER_SCRIPT_SANDBOXING = YES;
				GCC_C_LANGUAGE_STANDARD = gnu17;
				GCC_NO_COMMON_BLOCKS = YES;
				GCC_WARN_64_TO_32_BIT_CONVERSION = YES;
				GCC_WARN_ABOUT_RETURN_TYPE = YES_ERROR;
				GCC_WARN_UNDECLARED_SELECTOR = YES;
				GCC_WARN_UNINITIALIZED_AUTOS = YES_AGGRESSIVE;
				GCC_WARN_UNUSED_FUNCTION = YES;
				GCC_WARN_UNUSED_VARIABLE = YES;
				IPHONEOS_DEPLOYMENT_TARGET = 16.0;
				MTL_ENABLE_DEBUG_INFO = NO;
				MTL_FAST_MATH = YES;
				SDKROOT = iphoneos;
				SWIFT_COMPILATION_MODE = wholemodule;
				SWIFT_OPTIMIZATION_LEVEL = "-O";
				SWIFT_VERSION = 5.0;
				VALIDATE_PRODUCT = YES;
			};
			name = Release;
		};
		600000000000000000000003 /* Debug */ = {
			isa = XCBuildConfiguration;
			buildSettings = {
				CODE_SIGN_STYLE = Automatic;
				CURRENT_PROJECT_VERSION = 1;
				GENERATE_INFOPLIST_FILE = NO;
				INFOPLIST_FILE = WiTwinRecorder/Resources/Info.plist;
				LD_RUNPATH_SEARCH_PATHS = (
					"$(inherited)",
					"@executable_path/Frameworks",
				);
				MARKETING_VERSION = 0.3.0;
				PRODUCT_BUNDLE_IDENTIFIER = org.witwin.recorder;
				PRODUCT_NAME = "$(TARGET_NAME)";
				SUPPORTED_PLATFORMS = "iphoneos iphonesimulator";
				SUPPORTS_MACCATALYST = NO;
				SWIFT_EMIT_LOC_STRINGS = YES;
				TARGETED_DEVICE_FAMILY = 1;
			};
			name = Debug;
		};
		600000000000000000000004 /* Release */ = {
			isa = XCBuildConfiguration;
			buildSettings = {
				CODE_SIGN_STYLE = Automatic;
				CURRENT_PROJECT_VERSION = 1;
				GENERATE_INFOPLIST_FILE = NO;
				INFOPLIST_FILE = WiTwinRecorder/Resources/Info.plist;
				LD_RUNPATH_SEARCH_PATHS = (
					"$(inherited)",
					"@executable_path/Frameworks",
				);
				MARKETING_VERSION = 0.3.0;
				PRODUCT_BUNDLE_IDENTIFIER = org.witwin.recorder;
				PRODUCT_NAME = "$(TARGET_NAME)";
				SUPPORTED_PLATFORMS = "iphoneos iphonesimulator";
				SUPPORTS_MACCATALYST = NO;
				SWIFT_EMIT_LOC_STRINGS = YES;
				TARGETED_DEVICE_FAMILY = 1;
			};
			name = Release;
		};
		600000000000000000000005 /* Debug */ = {
			isa = XCBuildConfiguration;
			buildSettings = {
				BUNDLE_LOADER = "$(TEST_HOST)";
				CODE_SIGN_STYLE = Automatic;
				CURRENT_PROJECT_VERSION = 1;
				GENERATE_INFOPLIST_FILE = YES;
				LD_RUNPATH_SEARCH_PATHS = (
					"$(inherited)",
					"@executable_path/Frameworks",
					"@loader_path/Frameworks",
				);
				MARKETING_VERSION = 0.1.0;
				PRODUCT_BUNDLE_IDENTIFIER = org.witwin.recorder.tests;
				PRODUCT_NAME = "$(TARGET_NAME)";
				SUPPORTED_PLATFORMS = "iphoneos iphonesimulator";
				SWIFT_EMIT_LOC_STRINGS = NO;
				TARGETED_DEVICE_FAMILY = 1;
				TEST_HOST = "$(BUILT_PRODUCTS_DIR)/WiTwinRecorder.app/$(BUNDLE_EXECUTABLE_FOLDER_PATH)/WiTwinRecorder";
			};
			name = Debug;
		};
		600000000000000000000006 /* Release */ = {
			isa = XCBuildConfiguration;
			buildSettings = {
				BUNDLE_LOADER = "$(TEST_HOST)";
				CODE_SIGN_STYLE = Automatic;
				CURRENT_PROJECT_VERSION = 1;
				GENERATE_INFOPLIST_FILE = YES;
				LD_RUNPATH_SEARCH_PATHS = (
					"$(inherited)",
					"@executable_path/Frameworks",
					"@loader_path/Frameworks",
				);
				MARKETING_VERSION = 0.1.0;
				PRODUCT_BUNDLE_IDENTIFIER = org.witwin.recorder.tests;
				PRODUCT_NAME = "$(TARGET_NAME)";
				SUPPORTED_PLATFORMS = "iphoneos iphonesimulator";
				SWIFT_EMIT_LOC_STRINGS = NO;
				TARGETED_DEVICE_FAMILY = 1;
				TEST_HOST = "$(BUILT_PRODUCTS_DIR)/WiTwinRecorder.app/$(BUNDLE_EXECUTABLE_FOLDER_PATH)/WiTwinRecorder";
			};
			name = Release;
		};
/* End XCBuildConfiguration section */

/* Begin XCConfigurationList section */
		700000000000000000000001 /* Build configuration list for PBXProject "WiTwinRecorder" */ = {
			isa = XCConfigurationList;
			buildConfigurations = (
				600000000000000000000001 /* Debug */,
				600000000000000000000002 /* Release */,
			);
			defaultConfigurationIsVisible = 0;
			defaultConfigurationName = Release;
		};
		700000000000000000000002 /* Build configuration list for PBXNativeTarget "WiTwinRecorder" */ = {
			isa = XCConfigurationList;
			buildConfigurations = (
				600000000000000000000003 /* Debug */,
				600000000000000000000004 /* Release */,
			);
			defaultConfigurationIsVisible = 0;
			defaultConfigurationName = Release;
		};
		700000000000000000000003 /* Build configuration list for PBXNativeTarget "WiTwinRecorderTests" */ = {
			isa = XCConfigurationList;
			buildConfigurations = (
				600000000000000000000005 /* Debug */,
				600000000000000000000006 /* Release */,
			);
			defaultConfigurationIsVisible = 0;
			defaultConfigurationName = Release;
		};
/* End XCConfigurationList section */
	};
	rootObject = 100000000000000000000000 /* Project object */;
}
